
Microsoft Visual Studio Solution File, Format Version 12.00
# Visual Studio 2012
Project("{FAE04EC0-301F-11D3-BF4B-00C04F79EFBC}") = "ExampleOrmMsSql", "ExampleOrm\ExampleOrmMsSql.csproj", "{89725076-FD99-4717-A2ED-9EC50952E53A}"
EndProject
Project("{FAE04EC0-301F-11D3-BF4B-00C04F79EFBC}") = "ExampleOrmMySql", "ExampleOrmMySql\ExampleOrmMySql.csproj", "{5389131D-068B-475D-8430-70A7F4C281B2}"
EndProject
Project("{FAE04EC0-301F-11D3-BF4B-00C04F79EFBC}") = "TestsOrm", "TestsOrm\TestsOrm.csproj", "{838DB77D-88A2-4E42-B706-FD6DCCD6C251}"
EndProject
Project("{FAE04EC0-301F-11D3-BF4B-00C04F79EFBC}") = "ORM{1_21}", "..\ORM{1_21}\ORM{1_21}.csproj", "{3D3C03BF-6EFE-4C92-9A91-FCEDA1823DC4}"
EndProject
Project("{FAE04EC0-301F-11D3-BF4B-00C04F79EFBC}") = "TestsOrmMsSql", "TestsOrmMsSql\TestsOrmMsSql.csproj", "{2F886848-7FE8-4EAD-8259-58453342082B}"
EndProject
Global
	GlobalSection(SolutionConfigurationPlatforms) = preSolution
		Debug|Any CPU = Debug|Any CPU
		Release|Any CPU = Release|Any CPU
	EndGlobalSection
	GlobalSection(ProjectConfigurationPlatforms) = postSolution
		{89725076-FD99-4717-A2ED-9EC50952E53A}.Debug|Any CPU.ActiveCfg = Debug|Any CPU
		{89725076-FD99-4717-A2ED-9EC50952E53A}.Debug|Any CPU.Build.0 = Debug|Any CPU
		{89725076-FD99-4717-A2ED-9EC50952E53A}.Release|Any CPU.ActiveCfg = Release|Any CPU
		{89725076-FD99-4717-A2ED-9EC50952E53A}.Release|Any CPU.Build.0 = Release|Any CPU
		{5389131D-068B-475D-8430-70A7F4C281B2}.Debug|Any CPU.ActiveCfg = Debug|Any CPU
		{5389131D-068B-475D-8430-70A7F4C281B2}.Debug|Any CPU.Build.0 = Debug|Any CPU
		{5389131D-068B-475D-8430-70A7F4C281B2}.Release|Any CPU.ActiveCfg = Release|Any CPU
		{5389131D-068B-475D-8430-70A7F4C281B2}.Release|Any CPU.Build.0 = Release|Any CPU
		{838DB77D-88A2-4E42-B706-FD6DCCD6C251}.Debug|Any CPU.ActiveCfg = Debug|Any CPU
		{838DB77D-88A2-4E42-B706-FD6DCCD6C251}.Debug|Any CPU.Build.0 = Debug|Any CPU
		{838DB77D-88A2-4E42-B706-FD6DCCD6C251}.Release|Any CPU.ActiveCfg = Release|Any CPU
		{838DB77D-88A2-4E42-B706-FD6DCCD6C251}.Release|Any CPU.Build.0 = Release|Any CPU
		{3D3C03BF-6EFE-4C92-9A91-FCEDA1823DC4}.Debug|Any CPU.ActiveCfg = Debug|Any CPU
		{3D3C03BF-6EFE-4C92-9A91-FCEDA1823DC4}.Debug|Any CPU.Build.0 = Debug|Any CPU
		{3D3C03BF-6EFE-4C92-9A91-FCEDA1823DC4}.Release|Any CPU.ActiveCfg = Release|Any CPU
		{3D3C03BF-6EFE-4C92-9A91-FCEDA1823DC4}.Release|Any CPU.Build.0 = Release|Any CPU
		{2F886848-7FE8-4EAD-8259-58453342082B}.Debug|Any CPU.ActiveCfg = Debug|Any CPU
		{2F886848-7FE8-4EAD-8259-58453342082B}.Debug|Any CPU.Build.0 = Debug|Any CPU
		{2F886848-7FE8-4EAD-8259-58453342082B}.Release|Any CPU.ActiveCfg = Release|Any CPU
		{2F886848-7FE8-4EAD-8259-58453342082B}.Release|Any CPU.Build.0 = Release|Any CPU
	EndGlobalSection
	GlobalSection(SolutionProperties) = preSolution
		HideSolutionNode = FALSE
	EndGlobalSection
	GlobalSection(ExtensibilityGlobals) = postSolution
		VisualSVNWorkingCopyRoot = .
	EndGlobalSection
	GlobalSection(Performance) = preSolution
		HasPerformanceSessions = true
	EndGlobalSection
EndGlobal
